
Microsoft Visual Studio Solution File, Format Version 12.00
# Visual Studio 15
VisualStudioVersion = 15.0.28307.1000
MinimumVisualStudioVersion = 10.0.40219.1
Project("{FAE04EC0-301F-11D3-BF4B-00C04F79EFBC}") = "WCF", "WCF\WCF.csproj", "{8F8E6026-925D-41F7-A21A-AFBCA5D68AFF}"
EndProject
Project("{FAE04EC0-301F-11D3-BF4B-00C04F79EFBC}") = "Console", "Console\Console.csproj", "{8B31D276-BA35-41F2-8493-03B8770649E3}"
EndProject
Project("{FAE04EC0-301F-11D3-BF4B-00C04F79EFBC}") = "Lab_7b", "Lab_7b\Lab_7b.csproj", "{E8D8A3F4-4291-4F59-A8C0-56E45EE4F107}"
EndProject
Global
	GlobalSection(SolutionConfigurationPlatforms) = preSolution
		Debug|Any CPU = Debug|Any CPU
		Release|Any CPU = Release|Any CPU
	EndGlobalSection
	GlobalSection(ProjectConfigurationPlatforms) = postSolution
		{8F8E6026-925D-41F7-A21A-AFBCA5D68AFF}.Debug|Any CPU.ActiveCfg = Debug|Any CPU
		{8F8E6026-925D-41F7-A21A-AFBCA5D68AFF}.Debug|Any CPU.Build.0 = Debug|Any CPU
		{8F8E6026-925D-41F7-A21A-AFBCA5D68AFF}.Release|Any CPU.ActiveCfg = Release|Any CPU
		{8F8E6026-925D-41F7-A21A-AFBCA5D68AFF}.Release|Any CPU.Build.0 = Release|Any CPU
		{8B31D276-BA35-41F2-8493-03B8770649E3}.Debug|Any CPU.ActiveCfg = Debug|Any CPU
		{8B31D276-BA35-41F2-8493-03B8770649E3}.Debug|Any CPU.Build.0 = Debug|Any CPU
		{8B31D276-BA35-41F2-8493-03B8770649E3}.Release|Any CPU.ActiveCfg = Release|Any CPU
		{8B31D276-BA35-41F2-8493-03B8770649E3}.Release|Any CPU.Build.0 = Release|Any CPU
		{E8D8A3F4-4291-4F59-A8C0-56E45EE4F107}.Debug|Any CPU.ActiveCfg = Debug|Any CPU
		{E8D8A3F4-4291-4F59-A8C0-56E45EE4F107}.Debug|Any CPU.Build.0 = Debug|Any CPU
		{E8D8A3F4-4291-4F59-A8C0-56E45EE4F107}.Release|Any CPU.ActiveCfg = Release|Any CPU
		{E8D8A3F4-4291-4F59-A8C0-56E45EE4F107}.Release|Any CPU.Build.0 = Release|Any CPU
	EndGlobalSection
	GlobalSection(SolutionProperties) = preSolution
		HideSolutionNode = FALSE
	EndGlobalSection
	GlobalSection(ExtensibilityGlobals) = postSolution
		SolutionGuid = {0BE9D322-293E-4D69-8934-ADDEB0DB3C29}
	EndGlobalSection
EndGlobal
